
Microsoft Visual Studio Solution File, Format Version 12.00
# Visual Studio Version 17
VisualStudioVersion = 17.13.35825.156 d17.13
MinimumVisualStudioVersion = 10.0.40219.1
Project("{FAE04EC0-301F-11D3-BF4B-00C04F79EFBC}") = "Proyecto#1", "Proyecto#1\Proyecto#1.csproj", "{3931A8D7-DC53-461D-B5DA-4BFD206F2BEE}"
EndProject
Global
	GlobalSection(SolutionConfigurationPlatforms) = preSolution
		Debug|Any CPU = Debug|Any CPU
		Release|Any CPU = Release|Any CPU
	EndGlobalSection
	GlobalSection(ProjectConfigurationPlatforms) = postSolution
		{3931A8D7-DC53-461D-B5DA-4BFD206F2BEE}.Debug|Any CPU.ActiveCfg = Debug|Any CPU
		{3931A8D7-DC53-461D-B5DA-4BFD206F2BEE}.Debug|Any CPU.Build.0 = Debug|Any CPU
		{3931A8D7-DC53-461D-B5DA-4BFD206F2BEE}.Release|Any CPU.ActiveCfg = Release|Any CPU
		{3931A8D7-DC53-461D-B5DA-4BFD206F2BEE}.Release|Any CPU.Build.0 = Release|Any CPU
	EndGlobalSection
	GlobalSection(SolutionProperties) = preSolution
		HideSolutionNode = FALSE
	EndGlobalSection
	GlobalSection(ExtensibilityGlobals) = postSolution
		SolutionGuid = {11FCB9D4-774E-4650-8110-F09EB06C9F1C}
	EndGlobalSection
EndGlobal
